{
	"name": "mem-redis",
	"version": "1.0.0",
	"lockfileVersion": 1,
	"requires": true,
	"dependencies": {
		"charenc": {
			"version": "0.0.2",
			"resolved": "https://registry.npmjs.org/charenc/-/charenc-0.0.2.tgz",
			"integrity": "sha1-wKHS86cJLgN3S/qD8UwPxXkKhmc="
		},
		"crypt": {
			"version": "0.0.2",
			"resolved": "https://registry.npmjs.org/crypt/-/crypt-0.0.2.tgz",
			"integrity": "sha1-iNf/fsDfuG9xPch7u0LQRNPmxBs="
		},
		"delay": {
			"version": "4.4.0",
			"resolved": "https://registry.npmjs.org/delay/-/delay-4.4.0.tgz",
			"integrity": "sha512-txgOrJu3OdtOfTiEOT2e76dJVfG/1dz2NZ4F0Pyt4UGZJryssMRp5vdM5wQoLwSOBNdrJv3F9PAhp/heqd7vrA==",
			"dev": true
		},
		"denque": {
			"version": "1.4.1",
			"resolved": "https://registry.npmjs.org/denque/-/denque-1.4.1.tgz",
			"integrity": "sha512-OfzPuSZKGcgr96rf1oODnfjqBFmr1DVoc/TrItj3Ohe0Ah1C5WX5Baquw/9U9KovnQ88EqmJbD66rKYUQYN1tQ=="
		},
		"is-buffer": {
			"version": "1.1.6",
			"resolved": "https://registry.npmjs.org/is-buffer/-/is-buffer-1.1.6.tgz",
			"integrity": "sha512-NcdALwpXkTm5Zvvbk7owOUSvVvBKDgKP5/ewfXEznmQFfs4ZRmanOeKBTjRVjka3QFoN6XJ+9F3USqfHqTaU5w=="
		},
		"md5": {
			"version": "2.3.0",
			"resolved": "https://registry.npmjs.org/md5/-/md5-2.3.0.tgz",
			"integrity": "sha512-T1GITYmFaKuO91vxyoQMFETst+O71VUPEU3ze5GNzDm0OWdP8v1ziTaAEPUr/3kLsY3Sftgz242A1SetQiDL7g==",
			"requires": {
				"charenc": "0.0.2",
				"crypt": "0.0.2",
				"is-buffer": "~1.1.6"
			}
		},
		"mimic-fn": {
			"version": "3.1.0",
			"resolved": "https://registry.npmjs.org/mimic-fn/-/mimic-fn-3.1.0.tgz",
			"integrity": "sha512-Ysbi9uYW9hFyfrThdDEQuykN4Ey6BuwPD2kpI5ES/nFTDn/98yxYNLZJcgUAKPT/mcrLLKaGzJR9YVxJrIdASQ=="
		},
		"redis": {
			"version": "3.0.2",
			"resolved": "https://registry.npmjs.org/redis/-/redis-3.0.2.tgz",
			"integrity": "sha512-PNhLCrjU6vKVuMOyFu7oSP296mwBkcE6lrAjruBYG5LgdSqtRBoVQIylrMyVZD/lkF24RSNNatzvYag6HRBHjQ==",
			"requires": {
				"denque": "^1.4.1",
				"redis-commands": "^1.5.0",
				"redis-errors": "^1.2.0",
				"redis-parser": "^3.0.0"
			}
		},
		"redis-commands": {
			"version": "1.6.0",
			"resolved": "https://registry.npmjs.org/redis-commands/-/redis-commands-1.6.0.tgz",
			"integrity": "sha512-2jnZ0IkjZxvguITjFTrGiLyzQZcTvaw8DAaCXxZq/dsHXz7KfMQ3OUJy7Tz9vnRtZRVz6VRCPDvruvU8Ts44wQ=="
		},
		"redis-errors": {
			"version": "1.2.0",
			"resolved": "https://registry.npmjs.org/redis-errors/-/redis-errors-1.2.0.tgz",
			"integrity": "sha1-62LSrbFeTq9GEMBK/hUpOEJQq60="
		},
		"redis-parser": {
			"version": "3.0.0",
			"resolved": "https://registry.npmjs.org/redis-parser/-/redis-parser-3.0.0.tgz",
			"integrity": "sha1-tm2CjNyv5rS4pCin3vTGvKwxyLQ=",
			"requires": {
				"redis-errors": "^1.0.0"
			}
		}
	}
}
